github.com/CarsonSlovoka/go-font v0.0.0-20250623020651-ce049f983f3f h1:ua8p+9lcViUyWa/Nvw3wb/QA0oluT1nduu+STD8edLI=
github.com/CarsonSlovoka/go-font v0.0.0-20250623020651-ce049f983f3f/go.mod h1:cUXUd/pAOirqifvGqJWxiiEXCj2RmiFVfOfSFRpABik=
golang.org/x/text v0.14.0 h1:ScX5w1eTa3QqT8oi6+ziP7dTV1S2+ALU0bI+0zXKWiQ=
golang.org/x/text v0.14.0/go.mod h1:18ZOQIKpY8NJVqYksKHtTdi31H5itFRjB5/qKTNYzSU=
